# This file was autogenerated by Stack.
# You should not edit this file by hand.
# For more information, please see the documentation at:
#   https://docs.haskellstack.org/en/stable/lock_files

packages:
- completed:
    hackage: hosc-0.17@sha256:d9b8fe4187485995ec8292a6389bd17eeef8c80b96e960b886c5ab594c912fd5,1892
    pantry-tree:
      size: 1310
      sha256: 0442a25bd4677d60ca228c53b4dc7011f4f279b96bf382baa3cb1704517b807e
  original:
    hackage: hosc-0.17
- completed:
    hackage: microspec-0.2.1.3@sha256:85769492d4e0d694bbfc22bea41a4c57a35a99518c822e85360da1d44f61fb41,1694
    pantry-tree:
      size: 212
      sha256: 767b53471c72a2b527b0d572275106bdbfa136c4dcbbe983ce5abffd90e047ef
  original:
    hackage: microspec-0.2.1.3
snapshots:
- completed:
    size: 524127
    url: https://raw.githubusercontent.com/commercialhaskell/stackage-snapshots/master/lts/14/6.yaml
    sha256: dc70dfb45e2c32f54719819bd055f46855dd4b3bd2e58b9f3f38729a2d553fbb
  original: lts-14.6
